<?xml version="1.0" encoding="utf-8"?>
<Project ToolsVersion="4.0" xmlns="http://schemas.microsoft.com/developer/msbuild/2003">
  <ItemGroup>
    <ClCompile Include="dllmain.cpp" />
    <ClCompile Include="RDX11Device.cpp" />
    <ClCompile Include="RDX11Miscellaneous.cpp" />
    <ClCompile Include="RDX11Context.cpp" />
    <ClCompile Include="RDX11StateRepository.cpp" />
    <ClCompile Include="RDX11Window.cpp" />
    <ClCompile Include="RDX11Font.cpp" />
    <ClCompile Include="RDX11RenderHelper.cpp" />
  </ItemGroup>
  <ItemGroup>
    <ClInclude Include="RDefine.h" />
    <ClInclude Include="RDX11Device.h" />
    <ClInclude Include="RDX11Miscellaneous.h" />
    <ClInclude Include="RDX11Context.h" />
    <ClInclude Include="RDX11StateRepository.h" />
    <ClInclude Include="RDX11Window.h" />
    <ClInclude Include="RDX11DDS.h" />
    <ClInclude Include="RDX11Font.h" />
    <ClInclude Include="RDX11RenderHelper.h" />
  </ItemGroup>
</Project>