<?xml version="1.0" encoding="utf-8"?>
<Project ToolsVersion="4.0" xmlns="http://schemas.microsoft.com/developer/msbuild/2003">
  <ItemGroup>
    <ClCompile Include="dllmain.cpp" />
    <ClCompile Include="RDX11Device.cpp" />
    <ClCompile Include="RDX11RenderHelper.cpp" />
    <ClCompile Include="RDX11Shader.cpp">
      <Filter>Shader</Filter>
    </ClCompile>
    <ClCompile Include="RDX11RenderStateMgr.cpp" />
    <ClCompile Include="RDX11ShaderMgr.cpp">
      <Filter>Shader</Filter>
    </ClCompile>
    <ClCompile Include="RDX11RenderTargetMgr.cpp" />
    <ClCompile Include="RDX11ShaderGPass.cpp">
      <Filter>Shader\fx</Filter>
    </ClCompile>
    <ClCompile Include="RDX11ShaderMPass.cpp">
      <Filter>Shader\fx</Filter>
    </ClCompile>
    <ClCompile Include="RDX11RenderStrategyForward.cpp" />
    <ClCompile Include="RDX11Global.cpp" />
    <ClCompile Include="RDefine.cpp" />
  </ItemGroup>
  <ItemGroup>
    <ClInclude Include="RDefine.h" />
    <ClInclude Include="RDX11Device.h" />
    <ClInclude Include="RDX11DDS.h" />
    <ClInclude Include="RDX11RenderHelper.h" />
    <ClInclude Include="RDX11Shader.h">
      <Filter>Shader</Filter>
    </ClInclude>
    <ClInclude Include="RDX11ShaderMgr.h">
      <Filter>Shader</Filter>
    </ClInclude>
    <ClInclude Include="RDX11RenderStateMgr.h" />
    <ClInclude Include="RDX11RenderTargetMgr.h" />
    <ClInclude Include="IRenderStateMgr.h">
      <Filter>Interface</Filter>
    </ClInclude>
    <ClInclude Include="RDX11ShaderGPass.h">
      <Filter>Shader\fx</Filter>
    </ClInclude>
    <ClInclude Include="RDX11ShaderMPass.h">
      <Filter>Shader\fx</Filter>
    </ClInclude>
    <ClInclude Include="IRenderTargetMgr.h">
      <Filter>Interface</Filter>
    </ClInclude>
    <ClInclude Include="IShader.h">
      <Filter>Interface</Filter>
    </ClInclude>
    <ClInclude Include="RDX11RenderStrategyForward.h" />
    <ClInclude Include="RDX11Global.h" />
    <ClInclude Include="IRDevice.h">
      <Filter>Interface</Filter>
    </ClInclude>
    <ClInclude Include="IRenderHelper.h">
      <Filter>Interface</Filter>
    </ClInclude>
  </ItemGroup>
  <ItemGroup>
    <Filter Include="Shader">
      <UniqueIdentifier>{77a49b5e-393a-412d-8f7a-682c17733f69}</UniqueIdentifier>
    </Filter>
    <Filter Include="Shader\fx">
      <UniqueIdentifier>{a2f6e5e9-d821-49da-998e-374b27394ce9}</UniqueIdentifier>
    </Filter>
    <Filter Include="Interface">
      <UniqueIdentifier>{731828e1-5ea0-4c12-8a36-cb191aa4f508}</UniqueIdentifier>
    </Filter>
  </ItemGroup>
</Project>