<?xml version="1.0" encoding="utf-8"?>
<Project ToolsVersion="4.0" xmlns="http://schemas.microsoft.com/developer/msbuild/2003">
  <ItemGroup>
    <ClCompile Include="dllmain.cpp" />
    <ClCompile Include="EEngine.cpp" />
    <ClCompile Include="EAsyncLoader.cpp">
      <Filter>Asset</Filter>
    </ClCompile>
    <ClCompile Include="EAssetMgr.cpp">
      <Filter>Asset</Filter>
    </ClCompile>
    <ClCompile Include="EWinFileLoader.cpp">
      <Filter>Asset\ResourceFileLoader</Filter>
    </ClCompile>
    <ClCompile Include="ETextureDataProcessor.cpp">
      <Filter>Asset\ResourceDataProcessor</Filter>
    </ClCompile>
    <ClCompile Include="EActorDataProcessor.cpp">
      <Filter>Asset\ResourceDataProcessor</Filter>
    </ClCompile>
    <ClCompile Include="EMeshDataProcessor.cpp">
      <Filter>Asset\ResourceDataProcessor</Filter>
    </ClCompile>
    <ClCompile Include="ERenderer.cpp" />
    <ClCompile Include="EEntity.cpp">
      <Filter>Entity</Filter>
    </ClCompile>
    <ClCompile Include="EEntityMgr.cpp">
      <Filter>Entity</Filter>
    </ClCompile>
    <ClCompile Include="EOctreeNode.cpp">
      <Filter>Scene</Filter>
    </ClCompile>
    <ClCompile Include="ESceneMgr.cpp">
      <Filter>Scene</Filter>
    </ClCompile>
    <ClCompile Include="EEntityProxyActor.cpp">
      <Filter>Entity\EntityProxy</Filter>
    </ClCompile>
    <ClCompile Include="EEntityProxyRender.cpp">
      <Filter>Entity\EntityProxy</Filter>
    </ClCompile>
    <ClCompile Include="EEntityProxyCamera.cpp">
      <Filter>Entity\EntityProxy</Filter>
    </ClCompile>
  </ItemGroup>
  <ItemGroup>
    <Filter Include="Asset">
      <UniqueIdentifier>{4be06937-04b2-40eb-bd91-2f918e2c5d03}</UniqueIdentifier>
    </Filter>
    <Filter Include="Asset\ResourceFileLoader">
      <UniqueIdentifier>{ca5047ab-c18d-43d3-a84a-7deb44c0f795}</UniqueIdentifier>
    </Filter>
    <Filter Include="Asset\ResourceDataProcessor">
      <UniqueIdentifier>{ca07cc05-6db3-4247-8263-797bb4fdd57c}</UniqueIdentifier>
    </Filter>
    <Filter Include="Entity">
      <UniqueIdentifier>{3df464fc-5f10-4a0a-adb6-1f94092d9355}</UniqueIdentifier>
    </Filter>
    <Filter Include="UI">
      <UniqueIdentifier>{df16fbb4-5d0c-4391-a232-fb208aa6985a}</UniqueIdentifier>
    </Filter>
    <Filter Include="Scene">
      <UniqueIdentifier>{f7dcaa6b-df82-4bda-b7f9-faa93db27732}</UniqueIdentifier>
    </Filter>
    <Filter Include="Entity\EntityProxy">
      <UniqueIdentifier>{4b97673d-bc29-4f8f-8564-ff8a69709117}</UniqueIdentifier>
    </Filter>
  </ItemGroup>
  <ItemGroup>
    <ClInclude Include="EEngine.h" />
    <ClInclude Include="EAsyncLoader.h">
      <Filter>Asset</Filter>
    </ClInclude>
    <ClInclude Include="EAssetMgr.h">
      <Filter>Asset</Filter>
    </ClInclude>
    <ClInclude Include="EWinFileLoader.h">
      <Filter>Asset\ResourceFileLoader</Filter>
    </ClInclude>
    <ClInclude Include="ETextureDataProcessor.h">
      <Filter>Asset\ResourceDataProcessor</Filter>
    </ClInclude>
    <ClInclude Include="EMtrlDataProcessor.h">
      <Filter>Asset\ResourceDataProcessor</Filter>
    </ClInclude>
    <ClInclude Include="EMotionDataProcessor.h">
      <Filter>Asset\ResourceDataProcessor</Filter>
    </ClInclude>
    <ClInclude Include="EActorDataProcessor.h">
      <Filter>Asset\ResourceDataProcessor</Filter>
    </ClInclude>
    <ClInclude Include="EMeshDataProcessor.h">
      <Filter>Asset\ResourceDataProcessor</Filter>
    </ClInclude>
    <ClInclude Include="ERenderer.h" />
    <ClInclude Include="EEntityMgr.h">
      <Filter>Entity</Filter>
    </ClInclude>
    <ClInclude Include="EEntity.h">
      <Filter>Entity</Filter>
    </ClInclude>
    <ClInclude Include="ETextHelper.h">
      <Filter>UI</Filter>
    </ClInclude>
    <ClInclude Include="EOctreeNode.h">
      <Filter>Scene</Filter>
    </ClInclude>
    <ClInclude Include="ESceneMgr.h">
      <Filter>Scene</Filter>
    </ClInclude>
    <ClInclude Include="EEntityProxyActor.h">
      <Filter>Entity\EntityProxy</Filter>
    </ClInclude>
    <ClInclude Include="EEntityProxyRender.h">
      <Filter>Entity\EntityProxy</Filter>
    </ClInclude>
    <ClInclude Include="EEntityProxyCamera.h">
      <Filter>Entity\EntityProxy</Filter>
    </ClInclude>
  </ItemGroup>
</Project>