<?xml version="1.0" encoding="utf-8"?>
<Project ToolsVersion="4.0" xmlns="http://schemas.microsoft.com/developer/msbuild/2003">
  <ItemGroup>
    <ClInclude Include="S3DViewPanel.h">
      <Filter>Panels</Filter>
    </ClInclude>
    <ClInclude Include="SAssetPanel.h">
      <Filter>Panels</Filter>
    </ClInclude>
    <ClInclude Include="SSceneHierarchyPanel.h">
      <Filter>Panels</Filter>
    </ClInclude>
    <ClInclude Include="SMainFrame.h">
      <Filter>MainFrame</Filter>
    </ClInclude>
    <ClInclude Include="SMainMenuBar.h">
      <Filter>MainFrame</Filter>
    </ClInclude>
    <ClInclude Include="SMainToolBar.h">
      <Filter>MainFrame</Filter>
    </ClInclude>
    <ClInclude Include="SGlobal.h" />
    <ClInclude Include="SCreateEntityDlg.h">
      <Filter>Dialog</Filter>
    </ClInclude>
    <ClInclude Include="STextureFormatString.h">
      <Filter>Panels\PropertyPanel\panels</Filter>
    </ClInclude>
    <ClInclude Include="SPropertyPanel.h">
      <Filter>Panels\PropertyPanel</Filter>
    </ClInclude>
    <ClInclude Include="STexturePopupWindow.h">
      <Filter>Panels</Filter>
    </ClInclude>
    <ClInclude Include="SNameDlg.h">
      <Filter>Dialog</Filter>
    </ClInclude>
    <ClInclude Include="SDragAndDropState.h">
      <Filter>Utility</Filter>
    </ClInclude>
    <ClInclude Include="SMeshImportor.h">
      <Filter>Utility</Filter>
    </ClInclude>
    <ClInclude Include="STextureConvertor.h">
      <Filter>Utility</Filter>
    </ClInclude>
    <ClInclude Include="SSelectionMgr.h">
      <Filter>Utility</Filter>
    </ClInclude>
    <ClInclude Include="SEntityTreeCtrl.h">
      <Filter>Panels\PropertyPanel\panels</Filter>
    </ClInclude>
    <ClInclude Include="SSceneTreeCtrl.h">
      <Filter>Panels\PropertyPanel\panels</Filter>
    </ClInclude>
    <ClInclude Include="SAnimationToolBar.h">
      <Filter>Panels\PropertyPanel\panels</Filter>
    </ClInclude>
    <ClInclude Include="SPropertyGrid.h">
      <Filter>Panels\PropertyPanel\Grid</Filter>
    </ClInclude>
    <ClInclude Include="SVectorProperty.h">
      <Filter>Panels\PropertyPanel\Grid</Filter>
    </ClInclude>
  </ItemGroup>
  <ItemGroup>
    <ClCompile Include="SApp.cpp" />
    <ClCompile Include="S3DViewPanel.cpp">
      <Filter>Panels</Filter>
    </ClCompile>
    <ClCompile Include="SAssetPanel.cpp">
      <Filter>Panels</Filter>
    </ClCompile>
    <ClCompile Include="SSceneHierarchyPanel.cpp">
      <Filter>Panels</Filter>
    </ClCompile>
    <ClCompile Include="SMainFrame.cpp">
      <Filter>MainFrame</Filter>
    </ClCompile>
    <ClCompile Include="SMainToolBar.cpp">
      <Filter>MainFrame</Filter>
    </ClCompile>
    <ClCompile Include="SGlobal.cpp" />
    <ClCompile Include="SPropertyPanel.cpp">
      <Filter>Panels\PropertyPanel</Filter>
    </ClCompile>
    <ClCompile Include="STexturePopupWindow.cpp">
      <Filter>Panels</Filter>
    </ClCompile>
    <ClCompile Include="SDragAndDropState.cpp">
      <Filter>Utility</Filter>
    </ClCompile>
    <ClCompile Include="SMeshImportor.cpp">
      <Filter>Utility</Filter>
    </ClCompile>
    <ClCompile Include="STextureConvertor.cpp">
      <Filter>Utility</Filter>
    </ClCompile>
    <ClCompile Include="SSelectionMgr.cpp">
      <Filter>Utility</Filter>
    </ClCompile>
    <ClCompile Include="SEntityTreeCtrl.cpp">
      <Filter>Panels\PropertyPanel\panels</Filter>
    </ClCompile>
    <ClCompile Include="SSceneTreeCtrl.cpp">
      <Filter>Panels\PropertyPanel\panels</Filter>
    </ClCompile>
    <ClCompile Include="SAnimationToolBar.cpp">
      <Filter>Panels\PropertyPanel\panels</Filter>
    </ClCompile>
    <ClCompile Include="SPropertyGrid.cpp">
      <Filter>Panels\PropertyPanel\Grid</Filter>
    </ClCompile>
    <ClCompile Include="SVectorProperty.cpp">
      <Filter>Panels\PropertyPanel\Grid</Filter>
    </ClCompile>
  </ItemGroup>
  <ItemGroup>
    <Filter Include="MainFrame">
      <UniqueIdentifier>{72b3fb9c-24a9-4509-bb63-36c6920881a6}</UniqueIdentifier>
    </Filter>
    <Filter Include="Dialog">
      <UniqueIdentifier>{752c1083-137a-4204-ad56-a78770ebe3ca}</UniqueIdentifier>
    </Filter>
    <Filter Include="Utility">
      <UniqueIdentifier>{b6a61538-a0de-49a3-8728-25e5a066cae9}</UniqueIdentifier>
    </Filter>
    <Filter Include="Panels">
      <UniqueIdentifier>{b685312c-241b-4fea-a71a-9aa279e4e398}</UniqueIdentifier>
    </Filter>
    <Filter Include="Panels\PropertyPanel">
      <UniqueIdentifier>{d40ca6ac-ed5f-4ec7-89a5-e8456bfa790e}</UniqueIdentifier>
    </Filter>
    <Filter Include="Panels\PropertyPanel\panels">
      <UniqueIdentifier>{b8e458cb-a2eb-4792-8a28-e6de902532e2}</UniqueIdentifier>
    </Filter>
    <Filter Include="Panels\PropertyPanel\Grid">
      <UniqueIdentifier>{31ad4b27-dd77-4a22-87db-a4ea6c09252d}</UniqueIdentifier>
    </Filter>
  </ItemGroup>
</Project>