<?xml version="1.0" encoding="utf-8"?>
<Project ToolsVersion="4.0" xmlns="http://schemas.microsoft.com/developer/msbuild/2003">
  <ItemGroup>
    <ClInclude Include="S3DViewPanel.h">
      <Filter>Panels</Filter>
    </ClInclude>
    <ClInclude Include="SAssetPanel.h">
      <Filter>Panels</Filter>
    </ClInclude>
    <ClInclude Include="SSceneHierarchyPanel.h">
      <Filter>Panels</Filter>
    </ClInclude>
    <ClInclude Include="SMeshImportor.h">
      <Filter>Importor</Filter>
    </ClInclude>
    <ClInclude Include="SMainFrame.h">
      <Filter>MainFrame</Filter>
    </ClInclude>
    <ClInclude Include="SMainMenuBar.h">
      <Filter>MainFrame</Filter>
    </ClInclude>
    <ClInclude Include="SMainToolBar.h">
      <Filter>MainFrame</Filter>
    </ClInclude>
    <ClInclude Include="SGlobal.h" />
    <ClInclude Include="SCreateEntityDlg.h">
      <Filter>Dialog</Filter>
    </ClInclude>
    <ClInclude Include="SPropertyGrid.h">
      <Filter>Panels\Property\PropertyGrid</Filter>
    </ClInclude>
    <ClInclude Include="SPropertyGridReflection.h">
      <Filter>Panels\Property\PropertyGrid</Filter>
    </ClInclude>
    <ClInclude Include="SVectorProperty.h">
      <Filter>Panels\Property\data</Filter>
    </ClInclude>
    <ClInclude Include="STextureFormatString.h">
      <Filter>Panels\Property\data</Filter>
    </ClInclude>
    <ClInclude Include="SPropertyPanel.h">
      <Filter>Panels\Property</Filter>
    </ClInclude>
    <ClInclude Include="STexturePopupWindow.h">
      <Filter>Panels</Filter>
    </ClInclude>
    <ClInclude Include="STextureConvertor.h" />
  </ItemGroup>
  <ItemGroup>
    <ClCompile Include="SApp.cpp" />
    <ClCompile Include="S3DViewPanel.cpp">
      <Filter>Panels</Filter>
    </ClCompile>
    <ClCompile Include="SAssetPanel.cpp">
      <Filter>Panels</Filter>
    </ClCompile>
    <ClCompile Include="SSceneHierarchyPanel.cpp">
      <Filter>Panels</Filter>
    </ClCompile>
    <ClCompile Include="SMeshImportor.cpp">
      <Filter>Importor</Filter>
    </ClCompile>
    <ClCompile Include="SMainFrame.cpp">
      <Filter>MainFrame</Filter>
    </ClCompile>
    <ClCompile Include="SMainToolBar.cpp">
      <Filter>MainFrame</Filter>
    </ClCompile>
    <ClCompile Include="SGlobal.cpp" />
    <ClCompile Include="SPropertyGrid.cpp">
      <Filter>Panels\Property\PropertyGrid</Filter>
    </ClCompile>
    <ClCompile Include="SPropertyGridReflection.cpp">
      <Filter>Panels\Property\PropertyGrid</Filter>
    </ClCompile>
    <ClCompile Include="SVectorProperty.cpp">
      <Filter>Panels\Property\data</Filter>
    </ClCompile>
    <ClCompile Include="SPropertyPanel.cpp">
      <Filter>Panels\Property</Filter>
    </ClCompile>
    <ClCompile Include="STexturePopupWindow.cpp">
      <Filter>Panels</Filter>
    </ClCompile>
    <ClCompile Include="STextureConvertor.cpp" />
  </ItemGroup>
  <ItemGroup>
    <Filter Include="Panels">
      <UniqueIdentifier>{b685312c-241b-4fea-a71a-9aa279e4e398}</UniqueIdentifier>
    </Filter>
    <Filter Include="Importor">
      <UniqueIdentifier>{b4fa715c-a253-4687-990c-8ab26981da73}</UniqueIdentifier>
    </Filter>
    <Filter Include="MainFrame">
      <UniqueIdentifier>{72b3fb9c-24a9-4509-bb63-36c6920881a6}</UniqueIdentifier>
    </Filter>
    <Filter Include="Dialog">
      <UniqueIdentifier>{752c1083-137a-4204-ad56-a78770ebe3ca}</UniqueIdentifier>
    </Filter>
    <Filter Include="Panels\Property">
      <UniqueIdentifier>{d40ca6ac-ed5f-4ec7-89a5-e8456bfa790e}</UniqueIdentifier>
    </Filter>
    <Filter Include="Panels\Property\data">
      <UniqueIdentifier>{b8e458cb-a2eb-4792-8a28-e6de902532e2}</UniqueIdentifier>
    </Filter>
    <Filter Include="Panels\Property\PropertyGrid">
      <UniqueIdentifier>{c625b0f8-0768-42ee-8518-a20b6af81d49}</UniqueIdentifier>
    </Filter>
  </ItemGroup>
</Project>