<?xml version="1.0" encoding="utf-8"?>
<Project ToolsVersion="4.0" xmlns="http://schemas.microsoft.com/developer/msbuild/2003">
  <ItemGroup>
    <ClInclude Include="xnamath.h">
      <Filter>3rdParty\xnamath</Filter>
    </ClInclude>
    <ClInclude Include="CAABB.h" />
    <ClInclude Include="CVertex.h" />
    <ClInclude Include="CCamera.h" />
    <ClInclude Include="CColiision.h" />
    <ClInclude Include="CColor.h" />
    <ClInclude Include="CCommandBuffer.h" />
    <ClInclude Include="CDefine.h" />
    <ClInclude Include="CEngineParam.h" />
    <ClInclude Include="CFileUtility.h" />
    <ClInclude Include="CFrustrum.h" />
    <ClInclude Include="CGeometryConstructor.h" />
    <ClInclude Include="CGrowableArray.h" />
    <ClInclude Include="CLine.h" />
    <ClInclude Include="CLog.h" />
    <ClInclude Include="CMathType.h" />
    <ClInclude Include="CPlane.h" />
    <ClInclude Include="CQuad.h" />
    <ClInclude Include="CResource.h" />
    <ClInclude Include="CThread.h" />
    <ClInclude Include="CThreadSafeQueue.h" />
    <ClInclude Include="CTimer.h" />
    <ClInclude Include="CUnitPool.h" />
  </ItemGroup>
  <ItemGroup>
    <Filter Include="3rdParty">
      <UniqueIdentifier>{f54b609a-b5c7-43aa-a37f-fd4813f7c6bb}</UniqueIdentifier>
    </Filter>
    <Filter Include="3rdParty\xnamath">
      <UniqueIdentifier>{67b9e097-a762-422f-979a-30a1af10ddc7}</UniqueIdentifier>
    </Filter>
  </ItemGroup>
  <ItemGroup>
    <None Include="xnamathconvert.inl">
      <Filter>3rdParty\xnamath</Filter>
    </None>
    <None Include="xnamathmatrix.inl">
      <Filter>3rdParty\xnamath</Filter>
    </None>
    <None Include="xnamathmisc.inl">
      <Filter>3rdParty\xnamath</Filter>
    </None>
    <None Include="xnamathvector.inl">
      <Filter>3rdParty\xnamath</Filter>
    </None>
  </ItemGroup>
</Project>