<?xml version="1.0" encoding="utf-8"?>
<Project ToolsVersion="4.0" xmlns="http://schemas.microsoft.com/developer/msbuild/2003">
  <ItemGroup>
    <ClInclude Include="CThreadSafeQueue.h">
      <Filter>DataStructure</Filter>
    </ClInclude>
    <ClInclude Include="CGrowableArray.h">
      <Filter>DataStructure</Filter>
    </ClInclude>
    <ClInclude Include="xnamath.h">
      <Filter>3rdParty\xnamath</Filter>
    </ClInclude>
    <ClInclude Include="CMathType.h">
      <Filter>DataStructure</Filter>
    </ClInclude>
    <ClInclude Include="CColor.h">
      <Filter>DataStructure</Filter>
    </ClInclude>
    <ClInclude Include="CUnitPool.h">
      <Filter>DataStructure</Filter>
    </ClInclude>
    <ClInclude Include="IAssetMgr.h">
      <Filter>Interface_Engine</Filter>
    </ClInclude>
    <ClInclude Include="IEngine.h">
      <Filter>Interface_Engine</Filter>
    </ClInclude>
    <ClInclude Include="IEntity.h">
      <Filter>Interface_Engine</Filter>
    </ClInclude>
    <ClInclude Include="IEntityMgr.h">
      <Filter>Interface_Engine</Filter>
    </ClInclude>
    <ClInclude Include="IEntityProxy.h">
      <Filter>Interface_Engine</Filter>
    </ClInclude>
    <ClInclude Include="ILoader.h">
      <Filter>Interface_Engine</Filter>
    </ClInclude>
    <ClInclude Include="IRenderHelper.h">
      <Filter>Interface_Renderer</Filter>
    </ClInclude>
    <ClInclude Include="IRDevice.h">
      <Filter>Interface_Renderer</Filter>
    </ClInclude>
    <ClInclude Include="CTimer.h">
      <Filter>DataStructure</Filter>
    </ClInclude>
    <ClInclude Include="CThread.h">
      <Filter>DataStructure</Filter>
    </ClInclude>
    <ClInclude Include="CResource.h">
      <Filter>DataStructure</Filter>
    </ClInclude>
    <ClInclude Include="CDefine.h">
      <Filter>DataStructure</Filter>
    </ClInclude>
    <ClInclude Include="CVertex.h">
      <Filter>DataStructure</Filter>
    </ClInclude>
    <ClInclude Include="CLine.h">
      <Filter>DataStructure</Filter>
    </ClInclude>
    <ClInclude Include="CPlane.h">
      <Filter>DataStructure</Filter>
    </ClInclude>
    <ClInclude Include="CFrustrum.h">
      <Filter>DataStructure</Filter>
    </ClInclude>
    <ClInclude Include="CColiision.h">
      <Filter>DataStructure</Filter>
    </ClInclude>
    <ClInclude Include="ISpaceMgr.h">
      <Filter>Interface_Engine</Filter>
    </ClInclude>
    <ClInclude Include="CGeometryConstructor.h">
      <Filter>DataStructure</Filter>
    </ClInclude>
    <ClInclude Include="CLog.h">
      <Filter>DataStructure</Filter>
    </ClInclude>
    <ClInclude Include="CEngineParam.h">
      <Filter>DataStructure</Filter>
    </ClInclude>
    <ClInclude Include="CQuad.h">
      <Filter>DataStructure</Filter>
    </ClInclude>
    <ClInclude Include="CCamera.h">
      <Filter>DataStructure</Filter>
    </ClInclude>
    <ClInclude Include="CAABB.h">
      <Filter>DataStructure</Filter>
    </ClInclude>
    <ClInclude Include="CFileUtility.h">
      <Filter>DataStructure</Filter>
    </ClInclude>
    <ClInclude Include="IMotionInstance.h">
      <Filter>Interface_Engine</Filter>
    </ClInclude>
    <ClInclude Include="IActorMgr.h">
      <Filter>Interface_Engine</Filter>
    </ClInclude>
    <ClInclude Include="IRenderCommand.h">
      <Filter>Interface_Renderer</Filter>
    </ClInclude>
    <ClInclude Include="CCommandBuffer.h">
      <Filter>DataStructure</Filter>
    </ClInclude>
  </ItemGroup>
  <ItemGroup>
    <Filter Include="DataStructure">
      <UniqueIdentifier>{ccf5d848-30a0-4ed3-80be-93a79aa124bd}</UniqueIdentifier>
    </Filter>
    <Filter Include="3rdParty">
      <UniqueIdentifier>{f54b609a-b5c7-43aa-a37f-fd4813f7c6bb}</UniqueIdentifier>
    </Filter>
    <Filter Include="3rdParty\xnamath">
      <UniqueIdentifier>{67b9e097-a762-422f-979a-30a1af10ddc7}</UniqueIdentifier>
    </Filter>
    <Filter Include="Interface_Engine">
      <UniqueIdentifier>{ce05e76d-47ed-4db3-8c3f-a500dfe75778}</UniqueIdentifier>
    </Filter>
    <Filter Include="Interface_Renderer">
      <UniqueIdentifier>{6c45c971-f053-411a-8ca6-5a598fc84f9d}</UniqueIdentifier>
    </Filter>
  </ItemGroup>
  <ItemGroup>
    <None Include="xnamathconvert.inl">
      <Filter>3rdParty\xnamath</Filter>
    </None>
    <None Include="xnamathmatrix.inl">
      <Filter>3rdParty\xnamath</Filter>
    </None>
    <None Include="xnamathmisc.inl">
      <Filter>3rdParty\xnamath</Filter>
    </None>
    <None Include="xnamathvector.inl">
      <Filter>3rdParty\xnamath</Filter>
    </None>
  </ItemGroup>
</Project>